// !$*UTF8*$!
{
	archiveVersion = 1;
	classes = {
	};
	objectVersion = 46;
	objects = {

/* Begin PBXBuildFile section */
		A528B9091CCD7A7600615F5F /* Story.swift in Sources */ = {isa = PBXBuildFile; fileRef = A528B9081CCD7A7600615F5F /* Story.swift */; };
		A528B90F1CCD7AC900615F5F /* madlib0_simple.txt in Resources */ = {isa = PBXBuildFile; fileRef = A528B90A1CCD7AC900615F5F /* madlib0_simple.txt */; };
		A528B9101CCD7AC900615F5F /* madlib1_tarzan.txt in Resources */ = {isa = PBXBuildFile; fileRef = A528B90B1CCD7AC900615F5F /* madlib1_tarzan.txt */; };
		A528B9111CCD7AC900615F5F /* madlib2_university.txt in Resources */ = {isa = PBXBuildFile; fileRef = A528B90C1CCD7AC900615F5F /* madlib2_university.txt */; };
		A528B9121CCD7AC900615F5F /* madlib3_clothes.txt in Resources */ = {isa = PBXBuildFile; fileRef = A528B90D1CCD7AC900615F5F /* madlib3_clothes.txt */; };
		A528B9131CCD7AC900615F5F /* madlib4_dance.txt in Resources */ = {isa = PBXBuildFile; fileRef = A528B90E1CCD7AC900615F5F /* madlib4_dance.txt */; };
		A5A12A881CCA30EA00C023B5 /* AppDelegate.swift in Sources */ = {isa = PBXBuildFile; fileRef = A5A12A871CCA30EA00C023B5 /* AppDelegate.swift */; };
		A5A12A8A1CCA30EA00C023B5 /* ViewController.swift in Sources */ = {isa = PBXBuildFile; fileRef = A5A12A891CCA30EA00C023B5 /* ViewController.swift */; };
		A5A12A8D1CCA30EA00C023B5 /* Main.storyboard in Resources */ = {isa = PBXBuildFile; fileRef = A5A12A8B1CCA30EA00C023B5 /* Main.storyboard */; };
		A5A12A8F1CCA30EA00C023B5 /* Assets.xcassets in Resources */ = {isa = PBXBuildFile; fileRef = A5A12A8E1CCA30EA00C023B5 /* Assets.xcassets */; };
		A5A12A921CCA30EA00C023B5 /* LaunchScreen.storyboard in Resources */ = {isa = PBXBuildFile; fileRef = A5A12A901CCA30EA00C023B5 /* LaunchScreen.storyboard */; };
		A5A12A9D1CCA30EA00C023B5 /* MadlibsTests.swift in Sources */ = {isa = PBXBuildFile; fileRef = A5A12A9C1CCA30EA00C023B5 /* MadlibsTests.swift */; };
		A5A12AA81CCA30EB00C023B5 /* MadlibsUITests.swift in Sources */ = {isa = PBXBuildFile; fileRef = A5A12AA71CCA30EB00C023B5 /* MadlibsUITests.swift */; };
		A5A12ABA1CCA3ACE00C023B5 /* DisplayStoriesViewController.swift in Sources */ = {isa = PBXBuildFile; fileRef = A5A12AB91CCA3ACE00C023B5 /* DisplayStoriesViewController.swift */; };
		A5A12ABB1CCA3ACE00C023B5 /* DisplayStoriesViewController.swift in Sources */ = {isa = PBXBuildFile; fileRef = A5A12AB91CCA3ACE00C023B5 /* DisplayStoriesViewController.swift */; };
		A5A12ABC1CCA3ACE00C023B5 /* DisplayStoriesViewController.swift in Sources */ = {isa = PBXBuildFile; fileRef = A5A12AB91CCA3ACE00C023B5 /* DisplayStoriesViewController.swift */; };
		A5A12ABE1CCA3E2200C023B5 /* StoryCell.swift in Sources */ = {isa = PBXBuildFile; fileRef = A5A12ABD1CCA3E2200C023B5 /* StoryCell.swift */; };
		A5A12ABF1CCA3E2200C023B5 /* StoryCell.swift in Sources */ = {isa = PBXBuildFile; fileRef = A5A12ABD1CCA3E2200C023B5 /* StoryCell.swift */; };
		A5A12AC01CCA3E2200C023B5 /* StoryCell.swift in Sources */ = {isa = PBXBuildFile; fileRef = A5A12ABD1CCA3E2200C023B5 /* StoryCell.swift */; };
		A5A12AC21CCA485400C023B5 /* EnterTextViewController.swift in Sources */ = {isa = PBXBuildFile; fileRef = A5A12AC11CCA485400C023B5 /* EnterTextViewController.swift */; };
		A5A12AC31CCA485400C023B5 /* EnterTextViewController.swift in Sources */ = {isa = PBXBuildFile; fileRef = A5A12AC11CCA485400C023B5 /* EnterTextViewController.swift */; };
		A5A12AC41CCA485400C023B5 /* EnterTextViewController.swift in Sources */ = {isa = PBXBuildFile; fileRef = A5A12AC11CCA485400C023B5 /* EnterTextViewController.swift */; };
		A5A12AC61CCA50C300C023B5 /* ShowTextViewController.swift in Sources */ = {isa = PBXBuildFile; fileRef = A5A12AC51CCA50C300C023B5 /* ShowTextViewController.swift */; };
		A5A12AC71CCA50C300C023B5 /* ShowTextViewController.swift in Sources */ = {isa = PBXBuildFile; fileRef = A5A12AC51CCA50C300C023B5 /* ShowTextViewController.swift */; };
		A5A12AC81CCA50C300C023B5 /* ShowTextViewController.swift in Sources */ = {isa = PBXBuildFile; fileRef = A5A12AC51CCA50C300C023B5 /* ShowTextViewController.swift */; };
/* End PBXBuildFile section */

/* Begin PBXContainerItemProxy section */
		A5A12A991CCA30EA00C023B5 /* PBXContainerItemProxy */ = {
			isa = PBXContainerItemProxy;
			containerPortal = A5A12A7C1CCA30EA00C023B5 /* Project object */;
			proxyType = 1;
			remoteGlobalIDString = A5A12A831CCA30EA00C023B5;
			remoteInfo = Madlibs;
		};
		A5A12AA41CCA30EB00C023B5 /* PBXContainerItemProxy */ = {
			isa = PBXContainerItemProxy;
			containerPortal = A5A12A7C1CCA30EA00C023B5 /* Project object */;
			proxyType = 1;
			remoteGlobalIDString = A5A12A831CCA30EA00C023B5;
			remoteInfo = Madlibs;
		};
/* End PBXContainerItemProxy section */

/* Begin PBXFileReference section */
		A528B9081CCD7A7600615F5F /* Story.swift */ = {isa = PBXFileReference; fileEncoding = 4; lastKnownFileType = sourcecode.swift; path = Story.swift; sourceTree = "<group>"; };
		A528B90A1CCD7AC900615F5F /* madlib0_simple.txt */ = {isa = PBXFileReference; fileEncoding = 4; lastKnownFileType = text; path = madlib0_simple.txt; sourceTree = "<group>"; };
		A528B90B1CCD7AC900615F5F /* madlib1_tarzan.txt */ = {isa = PBXFileReference; fileEncoding = 4; lastKnownFileType = text; path = madlib1_tarzan.txt; sourceTree = "<group>"; };
		A528B90C1CCD7AC900615F5F /* madlib2_university.txt */ = {isa = PBXFileReference; fileEncoding = 4; lastKnownFileType = text; path = madlib2_university.txt; sourceTree = "<group>"; };
		A528B90D1CCD7AC900615F5F /* madlib3_clothes.txt */ = {isa = PBXFileReference; fileEncoding = 4; lastKnownFileType = text; path = madlib3_clothes.txt; sourceTree = "<group>"; };
		A528B90E1CCD7AC900615F5F /* madlib4_dance.txt */ = {isa = PBXFileReference; fileEncoding = 4; lastKnownFileType = text; path = madlib4_dance.txt; sourceTree = "<group>"; };
		A5A12A841CCA30EA00C023B5 /* Madlibs.app */ = {isa = PBXFileReference; explicitFileType = wrapper.application; includeInIndex = 0; path = Madlibs.app; sourceTree = BUILT_PRODUCTS_DIR; };
		A5A12A871CCA30EA00C023B5 /* AppDelegate.swift */ = {isa = PBXFileReference; lastKnownFileType = sourcecode.swift; path = AppDelegate.swift; sourceTree = "<group>"; };
		A5A12A891CCA30EA00C023B5 /* ViewController.swift */ = {isa = PBXFileReference; lastKnownFileType = sourcecode.swift; path = ViewController.swift; sourceTree = "<group>"; };
		A5A12A8C1CCA30EA00C023B5 /* Base */ = {isa = PBXFileReference; lastKnownFileType = file.storyboard; name = Base; path = Base.lproj/Main.storyboard; sourceTree = "<group>"; };
		A5A12A8E1CCA30EA00C023B5 /* Assets.xcassets */ = {isa = PBXFileReference; lastKnownFileType = folder.assetcatalog; path = Assets.xcassets; sourceTree = "<group>"; };
		A5A12A911CCA30EA00C023B5 /* Base */ = {isa = PBXFileReference; lastKnownFileType = file.storyboard; name = Base; path = Base.lproj/LaunchScreen.storyboard; sourceTree = "<group>"; };
		A5A12A931CCA30EA00C023B5 /* Info.plist */ = {isa = PBXFileReference; lastKnownFileType = text.plist.xml; path = Info.plist; sourceTree = "<group>"; };
		A5A12A981CCA30EA00C023B5 /* MadlibsTests.xctest */ = {isa = PBXFileReference; explicitFileType = wrapper.cfbundle; includeInIndex = 0; path = MadlibsTests.xctest; sourceTree = BUILT_PRODUCTS_DIR; };
		A5A12A9C1CCA30EA00C023B5 /* MadlibsTests.swift */ = {isa = PBXFileReference; lastKnownFileType = sourcecode.swift; path = MadlibsTests.swift; sourceTree = "<group>"; };
		A5A12A9E1CCA30EA00C023B5 /* Info.plist */ = {isa = PBXFileReference; lastKnownFileType = text.plist.xml; path = Info.plist; sourceTree = "<group>"; };
		A5A12AA31CCA30EB00C023B5 /* MadlibsUITests.xctest */ = {isa = PBXFileReference; explicitFileType = wrapper.cfbundle; includeInIndex = 0; path = MadlibsUITests.xctest; sourceTree = BUILT_PRODUCTS_DIR; };
		A5A12AA71CCA30EB00C023B5 /* MadlibsUITests.swift */ = {isa = PBXFileReference; lastKnownFileType = sourcecode.swift; path = MadlibsUITests.swift; sourceTree = "<group>"; };
		A5A12AA91CCA30EB00C023B5 /* Info.plist */ = {isa = PBXFileReference; lastKnownFileType = text.plist.xml; path = Info.plist; sourceTree = "<group>"; };
		A5A12AB91CCA3ACE00C023B5 /* DisplayStoriesViewController.swift */ = {isa = PBXFileReference; fileEncoding = 4; lastKnownFileType = sourcecode.swift; path = DisplayStoriesViewController.swift; sourceTree = "<group>"; };
		A5A12ABD1CCA3E2200C023B5 /* StoryCell.swift */ = {isa = PBXFileReference; fileEncoding = 4; lastKnownFileType = sourcecode.swift; path = StoryCell.swift; sourceTree = "<group>"; };
		A5A12AC11CCA485400C023B5 /* EnterTextViewController.swift */ = {isa = PBXFileReference; fileEncoding = 4; lastKnownFileType = sourcecode.swift; path = EnterTextViewController.swift; sourceTree = "<group>"; usesTabs = 0; };
		A5A12AC51CCA50C300C023B5 /* ShowTextViewController.swift */ = {isa = PBXFileReference; fileEncoding = 4; lastKnownFileType = sourcecode.swift; path = ShowTextViewController.swift; sourceTree = "<group>"; };
/* End PBXFileReference section */

/* Begin PBXFrameworksBuildPhase section */
		A5A12A811CCA30EA00C023B5 /* Frameworks */ = {
			isa = PBXFrameworksBuildPhase;
			buildActionMask = 2147483647;
			files = (
			);
			runOnlyForDeploymentPostprocessing = 0;
		};
		A5A12A951CCA30EA00C023B5 /* Frameworks */ = {
			isa = PBXFrameworksBuildPhase;
			buildActionMask = 2147483647;
			files = (
			);
			runOnlyForDeploymentPostprocessing = 0;
		};
		A5A12AA01CCA30EB00C023B5 /* Frameworks */ = {
			isa = PBXFrameworksBuildPhase;
			buildActionMask = 2147483647;
			files = (
			);
			runOnlyForDeploymentPostprocessing = 0;
		};
/* End PBXFrameworksBuildPhase section */

/* Begin PBXGroup section */
		A5A12A7B1CCA30EA00C023B5 = {
			isa = PBXGroup;
			children = (
				A5A12A861CCA30EA00C023B5 /* Madlibs */,
				A5A12A9B1CCA30EA00C023B5 /* MadlibsTests */,
				A5A12AA61CCA30EB00C023B5 /* MadlibsUITests */,
				A5A12A851CCA30EA00C023B5 /* Products */,
			);
			sourceTree = "<group>";
		};
		A5A12A851CCA30EA00C023B5 /* Products */ = {
			isa = PBXGroup;
			children = (
				A5A12A841CCA30EA00C023B5 /* Madlibs.app */,
				A5A12A981CCA30EA00C023B5 /* MadlibsTests.xctest */,
				A5A12AA31CCA30EB00C023B5 /* MadlibsUITests.xctest */,
			);
			name = Products;
			sourceTree = "<group>";
		};
		A5A12A861CCA30EA00C023B5 /* Madlibs */ = {
			isa = PBXGroup;
			children = (
				A528B9081CCD7A7600615F5F /* Story.swift */,
				A5A12ABD1CCA3E2200C023B5 /* StoryCell.swift */,
				A5A12A871CCA30EA00C023B5 /* AppDelegate.swift */,
				A5A12A891CCA30EA00C023B5 /* ViewController.swift */,
				A5A12AB91CCA3ACE00C023B5 /* DisplayStoriesViewController.swift */,
				A5A12AC11CCA485400C023B5 /* EnterTextViewController.swift */,
				A5A12AC51CCA50C300C023B5 /* ShowTextViewController.swift */,
				A5A12A8B1CCA30EA00C023B5 /* Main.storyboard */,
				A5A12A8E1CCA30EA00C023B5 /* Assets.xcassets */,
				A5A12A901CCA30EA00C023B5 /* LaunchScreen.storyboard */,
				A5A12A931CCA30EA00C023B5 /* Info.plist */,
				A528B90A1CCD7AC900615F5F /* madlib0_simple.txt */,
				A528B90B1CCD7AC900615F5F /* madlib1_tarzan.txt */,
				A528B90C1CCD7AC900615F5F /* madlib2_university.txt */,
				A528B90D1CCD7AC900615F5F /* madlib3_clothes.txt */,
				A528B90E1CCD7AC900615F5F /* madlib4_dance.txt */,
			);
			path = Madlibs;
			sourceTree = "<group>";
		};
		A5A12A9B1CCA30EA00C023B5 /* MadlibsTests */ = {
			isa = PBXGroup;
			children = (
				A5A12A9C1CCA30EA00C023B5 /* MadlibsTests.swift */,
				A5A12A9E1CCA30EA00C023B5 /* Info.plist */,
			);
			path = MadlibsTests;
			sourceTree = "<group>";
		};
		A5A12AA61CCA30EB00C023B5 /* MadlibsUITests */ = {
			isa = PBXGroup;
			children = (
				A5A12AA71CCA30EB00C023B5 /* MadlibsUITests.swift */,
				A5A12AA91CCA30EB00C023B5 /* Info.plist */,
			);
			path = MadlibsUITests;
			sourceTree = "<group>";
		};
/* End PBXGroup section */

/* Begin PBXNativeTarget section */
		A5A12A831CCA30EA00C023B5 /* Madlibs */ = {
			isa = PBXNativeTarget;
			buildConfigurationList = A5A12AAC1CCA30EB00C023B5 /* Build configuration list for PBXNativeTarget "Madlibs" */;
			buildPhases = (
				A5A12A801CCA30EA00C023B5 /* Sources */,
				A5A12A811CCA30EA00C023B5 /* Frameworks */,
				A5A12A821CCA30EA00C023B5 /* Resources */,
			);
			buildRules = (
			);
			dependencies = (
			);
			name = Madlibs;
			productName = Madlibs;
			productReference = A5A12A841CCA30EA00C023B5 /* Madlibs.app */;
			productType = "com.apple.product-type.application";
		};
		A5A12A971CCA30EA00C023B5 /* MadlibsTests */ = {
			isa = PBXNativeTarget;
			buildConfigurationList = A5A12AAF1CCA30EB00C023B5 /* Build configuration list for PBXNativeTarget "MadlibsTests" */;
			buildPhases = (
				A5A12A941CCA30EA00C023B5 /* Sources */,
				A5A12A951CCA30EA00C023B5 /* Frameworks */,
				A5A12A961CCA30EA00C023B5 /* Resources */,
			);
			buildRules = (
			);
			dependencies = (
				A5A12A9A1CCA30EA00C023B5 /* PBXTargetDependency */,
			);
			name = MadlibsTests;
			productName = MadlibsTests;
			productReference = A5A12A981CCA30EA00C023B5 /* MadlibsTests.xctest */;
			productType = "com.apple.product-type.bundle.unit-test";
		};
		A5A12AA21CCA30EB00C023B5 /* MadlibsUITests */ = {
			isa = PBXNativeTarget;
			buildConfigurationList = A5A12AB21CCA30EB00C023B5 /* Build configuration list for PBXNativeTarget "MadlibsUITests" */;
			buildPhases = (
				A5A12A9F1CCA30EB00C023B5 /* Sources */,
				A5A12AA01CCA30EB00C023B5 /* Frameworks */,
				A5A12AA11CCA30EB00C023B5 /* Resources */,
			);
			buildRules = (
			);
			dependencies = (
				A5A12AA51CCA30EB00C023B5 /* PBXTargetDependency */,
			);
			name = MadlibsUITests;
			productName = MadlibsUITests;
			productReference = A5A12AA31CCA30EB00C023B5 /* MadlibsUITests.xctest */;
			productType = "com.apple.product-type.bundle.ui-testing";
		};
/* End PBXNativeTarget section */

/* Begin PBXProject section */
		A5A12A7C1CCA30EA00C023B5 /* Project object */ = {
			isa = PBXProject;
			attributes = {
				LastSwiftUpdateCheck = 0730;
				LastUpgradeCheck = 0730;
				ORGANIZATIONNAME = Maarten_Brijker;
				TargetAttributes = {
					A5A12A831CCA30EA00C023B5 = {
						CreatedOnToolsVersion = 7.3;
						DevelopmentTeam = L87TFF7ECW;
					};
					A5A12A971CCA30EA00C023B5 = {
						CreatedOnToolsVersion = 7.3;
						DevelopmentTeam = L87TFF7ECW;
						TestTargetID = A5A12A831CCA30EA00C023B5;
					};
					A5A12AA21CCA30EB00C023B5 = {
						CreatedOnToolsVersion = 7.3;
						DevelopmentTeam = L87TFF7ECW;
						TestTargetID = A5A12A831CCA30EA00C023B5;
					};
				};
			};
			buildConfigurationList = A5A12A7F1CCA30EA00C023B5 /* Build configuration list for PBXProject "Madlibs" */;
			compatibilityVersion = "Xcode 3.2";
			developmentRegion = English;
			hasScannedForEncodings = 0;
			knownRegions = (
				en,
				Base,
			);
			mainGroup = A5A12A7B1CCA30EA00C023B5;
			productRefGroup = A5A12A851CCA30EA00C023B5 /* Products */;
			projectDirPath = "";
			projectRoot = "";
			targets = (
				A5A12A831CCA30EA00C023B5 /* Madlibs */,
				A5A12A971CCA30EA00C023B5 /* MadlibsTests */,
				A5A12AA21CCA30EB00C023B5 /* MadlibsUITests */,
			);
		};
/* End PBXProject section */

/* Begin PBXResourcesBuildPhase section */
		A5A12A821CCA30EA00C023B5 /* Resources */ = {
			isa = PBXResourcesBuildPhase;
			buildActionMask = 2147483647;
			files = (
				A5A12A921CCA30EA00C023B5 /* LaunchScreen.storyboard in Resources */,
				A528B9121CCD7AC900615F5F /* madlib3_clothes.txt in Resources */,
				A528B9101CCD7AC900615F5F /* madlib1_tarzan.txt in Resources */,
				A5A12A8F1CCA30EA00C023B5 /* Assets.xcassets in Resources */,
				A528B90F1CCD7AC900615F5F /* madlib0_simple.txt in Resources */,
				A528B9111CCD7AC900615F5F /* madlib2_university.txt in Resources */,
				A528B9131CCD7AC900615F5F /* madlib4_dance.txt in Resources */,
				A5A12A8D1CCA30EA00C023B5 /* Main.storyboard in Resources */,
			);
			runOnlyForDeploymentPostprocessing = 0;
		};
		A5A12A961CCA30EA00C023B5 /* Resources */ = {
			isa = PBXResourcesBuildPhase;
			buildActionMask = 2147483647;
			files = (
			);
			runOnlyForDeploymentPostprocessing = 0;
		};
		A5A12AA11CCA30EB00C023B5 /* Resources */ = {
			isa = PBXResourcesBuildPhase;
			buildActionMask = 2147483647;
			files = (
			);
			runOnlyForDeploymentPostprocessing = 0;
		};
/* End PBXResourcesBuildPhase section */

/* Begin PBXSourcesBuildPhase section */
		A5A12A801CCA30EA00C023B5 /* Sources */ = {
			isa = PBXSourcesBuildPhase;
			buildActionMask = 2147483647;
			files = (
				A528B9091CCD7A7600615F5F /* Story.swift in Sources */,
				A5A12AC21CCA485400C023B5 /* EnterTextViewController.swift in Sources */,
				A5A12A8A1CCA30EA00C023B5 /* ViewController.swift in Sources */,
				A5A12A881CCA30EA00C023B5 /* AppDelegate.swift in Sources */,
				A5A12AC61CCA50C300C023B5 /* ShowTextViewController.swift in Sources */,
				A5A12ABA1CCA3ACE00C023B5 /* DisplayStoriesViewController.swift in Sources */,
				A5A12ABE1CCA3E2200C023B5 /* StoryCell.swift in Sources */,
			);
			runOnlyForDeploymentPostprocessing = 0;
		};
		A5A12A941CCA30EA00C023B5 /* Sources */ = {
			isa = PBXSourcesBuildPhase;
			buildActionMask = 2147483647;
			files = (
				A5A12AC71CCA50C300C023B5 /* ShowTextViewController.swift in Sources */,
				A5A12A9D1CCA30EA00C023B5 /* MadlibsTests.swift in Sources */,
				A5A12ABB1CCA3ACE00C023B5 /* DisplayStoriesViewController.swift in Sources */,
				A5A12ABF1CCA3E2200C023B5 /* StoryCell.swift in Sources */,
				A5A12AC31CCA485400C023B5 /* EnterTextViewController.swift in Sources */,
			);
			runOnlyForDeploymentPostprocessing = 0;
		};
		A5A12A9F1CCA30EB00C023B5 /* Sources */ = {
			isa = PBXSourcesBuildPhase;
			buildActionMask = 2147483647;
			files = (
				A5A12AC81CCA50C300C023B5 /* ShowTextViewController.swift in Sources */,
				A5A12AA81CCA30EB00C023B5 /* MadlibsUITests.swift in Sources */,
				A5A12ABC1CCA3ACE00C023B5 /* DisplayStoriesViewController.swift in Sources */,
				A5A12AC01CCA3E2200C023B5 /* StoryCell.swift in Sources */,
				A5A12AC41CCA485400C023B5 /* EnterTextViewController.swift in Sources */,
			);
			runOnlyForDeploymentPostprocessing = 0;
		};
/* End PBXSourcesBuildPhase section */

/* Begin PBXTargetDependency section */
		A5A12A9A1CCA30EA00C023B5 /* PBXTargetDependency */ = {
			isa = PBXTargetDependency;
			target = A5A12A831CCA30EA00C023B5 /* Madlibs */;
			targetProxy = A5A12A991CCA30EA00C023B5 /* PBXContainerItemProxy */;
		};
		A5A12AA51CCA30EB00C023B5 /* PBXTargetDependency */ = {
			isa = PBXTargetDependency;
			target = A5A12A831CCA30EA00C023B5 /* Madlibs */;
			targetProxy = A5A12AA41CCA30EB00C023B5 /* PBXContainerItemProxy */;
		};
/* End PBXTargetDependency section */

/* Begin PBXVariantGroup section */
		A5A12A8B1CCA30EA00C023B5 /* Main.storyboard */ = {
			isa = PBXVariantGroup;
			children = (
				A5A12A8C1CCA30EA00C023B5 /* Base */,
			);
			name = Main.storyboard;
			sourceTree = "<group>";
		};
		A5A12A901CCA30EA00C023B5 /* LaunchScreen.storyboard */ = {
			isa = PBXVariantGroup;
			children = (
				A5A12A911CCA30EA00C023B5 /* Base */,
			);
			name = LaunchScreen.storyboard;
			sourceTree = "<group>";
		};
/* End PBXVariantGroup section */

/* Begin XCBuildConfiguration section */
		A5A12AAA1CCA30EB00C023B5 /* Debug */ = {
			isa = XCBuildConfiguration;
			buildSettings = {
				ALWAYS_SEARCH_USER_PATHS = NO;
				CLANG_ANALYZER_NONNULL = YES;
				CLANG_CXX_LANGUAGE_STANDARD = "gnu++0x";
				CLANG_CXX_LIBRARY = "libc++";
				CLANG_ENABLE_MODULES = YES;
				CLANG_ENABLE_OBJC_ARC = YES;
				CLANG_WARN_BOOL_CONVERSION = YES;
				CLANG_WARN_CONSTANT_CONVERSION = YES;
				CLANG_WARN_DIRECT_OBJC_ISA_USAGE = YES_ERROR;
				CLANG_WARN_EMPTY_BODY = YES;
				CLANG_WARN_ENUM_CONVERSION = YES;
				CLANG_WARN_INT_CONVERSION = YES;
				CLANG_WARN_OBJC_ROOT_CLASS = YES_ERROR;
				CLANG_WARN_UNREACHABLE_CODE = YES;
				CLANG_WARN__DUPLICATE_METHOD_MATCH = YES;
				"CODE_SIGN_IDENTITY[sdk=iphoneos*]" = "iPhone Developer";
				COPY_PHASE_STRIP = NO;
				DEBUG_INFORMATION_FORMAT = dwarf;
				ENABLE_STRICT_OBJC_MSGSEND = YES;
				ENABLE_TESTABILITY = YES;
				GCC_C_LANGUAGE_STANDARD = gnu99;
				GCC_DYNAMIC_NO_PIC = NO;
				GCC_NO_COMMON_BLOCKS = YES;
				GCC_OPTIMIZATION_LEVEL = 0;
				GCC_PREPROCESSOR_DEFINITIONS = (
					"DEBUG=1",
					"$(inherited)",
				);
				GCC_WARN_64_TO_32_BIT_CONVERSION = YES;
				GCC_WARN_ABOUT_RETURN_TYPE = YES_ERROR;
				GCC_WARN_UNDECLARED_SELECTOR = YES;
				GCC_WARN_UNINITIALIZED_AUTOS = YES_AGGRESSIVE;
				GCC_WARN_UNUSED_FUNCTION = YES;
				GCC_WARN_UNUSED_VARIABLE = YES;
				IPHONEOS_DEPLOYMENT_TARGET = 9.3;
				MTL_ENABLE_DEBUG_INFO = YES;
				ONLY_ACTIVE_ARCH = YES;
				SDKROOT = iphoneos;
				SWIFT_OPTIMIZATION_LEVEL = "-Onone";
				TARGETED_DEVICE_FAMILY = "1,2";
			};
			name = Debug;
		};
		A5A12AAB1CCA30EB00C023B5 /* Release */ = {
			isa = XCBuildConfiguration;
			buildSettings = {
				ALWAYS_SEARCH_USER_PATHS = NO;
				CLANG_ANALYZER_NONNULL = YES;
				CLANG_CXX_LANGUAGE_STANDARD = "gnu++0x";
				CLANG_CXX_LIBRARY = "libc++";
				CLANG_ENABLE_MODULES = YES;
				CLANG_ENABLE_OBJC_ARC = YES;
				CLANG_WARN_BOOL_CONVERSION = YES;
				CLANG_WARN_CONSTANT_CONVERSION = YES;
				CLANG_WARN_DIRECT_OBJC_ISA_USAGE = YES_ERROR;
				CLANG_WARN_EMPTY_BODY = YES;
				CLANG_WARN_ENUM_CONVERSION = YES;
				CLANG_WARN_INT_CONVERSION = YES;
				CLANG_WARN_OBJC_ROOT_CLASS = YES_ERROR;
				CLANG_WARN_UNREACHABLE_CODE = YES;
				CLANG_WARN__DUPLICATE_METHOD_MATCH = YES;
				"CODE_SIGN_IDENTITY[sdk=iphoneos*]" = "iPhone Developer";
				COPY_PHASE_STRIP = NO;
				DEBUG_INFORMATION_FORMAT = "dwarf-with-dsym";
				ENABLE_NS_ASSERTIONS = NO;
				ENABLE_STRICT_OBJC_MSGSEND = YES;
				GCC_C_LANGUAGE_STANDARD = gnu99;
				GCC_NO_COMMON_BLOCKS = YES;
				GCC_WARN_64_TO_32_BIT_CONVERSION = YES;
				GCC_WARN_ABOUT_RETURN_TYPE = YES_ERROR;
				GCC_WARN_UNDECLARED_SELECTOR = YES;
				GCC_WARN_UNINITIALIZED_AUTOS = YES_AGGRESSIVE;
				GCC_WARN_UNUSED_FUNCTION = YES;
				GCC_WARN_UNUSED_VARIABLE = YES;
				IPHONEOS_DEPLOYMENT_TARGET = 9.3;
				MTL_ENABLE_DEBUG_INFO = NO;
				SDKROOT = iphoneos;
				TARGETED_DEVICE_FAMILY = "1,2";
				VALIDATE_PRODUCT = YES;
			};
			name = Release;
		};
		A5A12AAD1CCA30EB00C023B5 /* Debug */ = {
			isa = XCBuildConfiguration;
			buildSettings = {
				ASSETCATALOG_COMPILER_APPICON_NAME = AppIcon;
				INFOPLIST_FILE = Madlibs/Info.plist;
				LD_RUNPATH_SEARCH_PATHS = "$(inherited) @executable_path/Frameworks";
				PRODUCT_BUNDLE_IDENTIFIER = "Maarten-Brijker.Madlibs";
				PRODUCT_NAME = "$(TARGET_NAME)";
			};
			name = Debug;
		};
		A5A12AAE1CCA30EB00C023B5 /* Release */ = {
			isa = XCBuildConfiguration;
			buildSettings = {
				ASSETCATALOG_COMPILER_APPICON_NAME = AppIcon;
				INFOPLIST_FILE = Madlibs/Info.plist;
				LD_RUNPATH_SEARCH_PATHS = "$(inherited) @executable_path/Frameworks";
				PRODUCT_BUNDLE_IDENTIFIER = "Maarten-Brijker.Madlibs";
				PRODUCT_NAME = "$(TARGET_NAME)";
			};
			name = Release;
		};
		A5A12AB01CCA30EB00C023B5 /* Debug */ = {
			isa = XCBuildConfiguration;
			buildSettings = {
				BUNDLE_LOADER = "$(TEST_HOST)";
				INFOPLIST_FILE = MadlibsTests/Info.plist;
				LD_RUNPATH_SEARCH_PATHS = "$(inherited) @executable_path/Frameworks @loader_path/Frameworks";
				PRODUCT_BUNDLE_IDENTIFIER = "Maarten-Brijker.MadlibsTests";
				PRODUCT_NAME = "$(TARGET_NAME)";
				TEST_HOST = "$(BUILT_PRODUCTS_DIR)/Madlibs.app/Madlibs";
			};
			name = Debug;
		};
		A5A12AB11CCA30EB00C023B5 /* Release */ = {
			isa = XCBuildConfiguration;
			buildSettings = {
				BUNDLE_LOADER = "$(TEST_HOST)";
				INFOPLIST_FILE = MadlibsTests/Info.plist;
				LD_RUNPATH_SEARCH_PATHS = "$(inherited) @executable_path/Frameworks @loader_path/Frameworks";
				PRODUCT_BUNDLE_IDENTIFIER = "Maarten-Brijker.MadlibsTests";
				PRODUCT_NAME = "$(TARGET_NAME)";
				TEST_HOST = "$(BUILT_PRODUCTS_DIR)/Madlibs.app/Madlibs";
			};
			name = Release;
		};
		A5A12AB31CCA30EB00C023B5 /* Debug */ = {
			isa = XCBuildConfiguration;
			buildSettings = {
				INFOPLIST_FILE = MadlibsUITests/Info.plist;
				LD_RUNPATH_SEARCH_PATHS = "$(inherited) @executable_path/Frameworks @loader_path/Frameworks";
				PRODUCT_BUNDLE_IDENTIFIER = "Maarten-Brijker.MadlibsUITests";
				PRODUCT_NAME = "$(TARGET_NAME)";
				TEST_TARGET_NAME = Madlibs;
			};
			name = Debug;
		};
		A5A12AB41CCA30EB00C023B5 /* Release */ = {
			isa = XCBuildConfiguration;
			buildSettings = {
				INFOPLIST_FILE = MadlibsUITests/Info.plist;
				LD_RUNPATH_SEARCH_PATHS = "$(inherited) @executable_path/Frameworks @loader_path/Frameworks";
				PRODUCT_BUNDLE_IDENTIFIER = "Maarten-Brijker.MadlibsUITests";
				PRODUCT_NAME = "$(TARGET_NAME)";
				TEST_TARGET_NAME = Madlibs;
			};
			name = Release;
		};
/* End XCBuildConfiguration section */

/* Begin XCConfigurationList section */
		A5A12A7F1CCA30EA00C023B5 /* Build configuration list for PBXProject "Madlibs" */ = {
			isa = XCConfigurationList;
			buildConfigurations = (
				A5A12AAA1CCA30EB00C023B5 /* Debug */,
				A5A12AAB1CCA30EB00C023B5 /* Release */,
			);
			defaultConfigurationIsVisible = 0;
			defaultConfigurationName = Release;
		};
		A5A12AAC1CCA30EB00C023B5 /* Build configuration list for PBXNativeTarget "Madlibs" */ = {
			isa = XCConfigurationList;
			buildConfigurations = (
				A5A12AAD1CCA30EB00C023B5 /* Debug */,
				A5A12AAE1CCA30EB00C023B5 /* Release */,
			);
			defaultConfigurationIsVisible = 0;
			defaultConfigurationName = Release;
		};
		A5A12AAF1CCA30EB00C023B5 /* Build configuration list for PBXNativeTarget "MadlibsTests" */ = {
			isa = XCConfigurationList;
			buildConfigurations = (
				A5A12AB01CCA30EB00C023B5 /* Debug */,
				A5A12AB11CCA30EB00C023B5 /* Release */,
			);
			defaultConfigurationIsVisible = 0;
			defaultConfigurationName = Release;
		};
		A5A12AB21CCA30EB00C023B5 /* Build configuration list for PBXNativeTarget "MadlibsUITests" */ = {
			isa = XCConfigurationList;
			buildConfigurations = (
				A5A12AB31CCA30EB00C023B5 /* Debug */,
				A5A12AB41CCA30EB00C023B5 /* Release */,
			);
			defaultConfigurationIsVisible = 0;
			defaultConfigurationName = Release;
		};
/* End XCConfigurationList section */
	};
	rootObject = A5A12A7C1CCA30EA00C023B5 /* Project object */;
}
